// !$*UTF8*$!
{
	archiveVersion = 1;
	classes = {
	};
	objectVersion = 46;
	objects = {

/* Begin PBXBuildFile section */
		0508D25D1DC764C1004CE68E /* KeychainWrapper.swift in Sources */ = {isa = PBXBuildFile; fileRef = 0508D25C1DC764C1004CE68E /* KeychainWrapper.swift */; };
		0508D25F1DC766A4004CE68E /* KeychainItemAccessibility.swift in Sources */ = {isa = PBXBuildFile; fileRef = 0508D25E1DC766A4004CE68E /* KeychainItemAccessibility.swift */; };
		051923291DBFEEB7007CAE4F /* HomeController.swift in Sources */ = {isa = PBXBuildFile; fileRef = 051923281DBFEEB7007CAE4F /* HomeController.swift */; };
		0519232B1DBFF06B007CAE4F /* RoundCell.swift in Sources */ = {isa = PBXBuildFile; fileRef = 0519232A1DBFF06B007CAE4F /* RoundCell.swift */; };
		0519232F1DBFF0DC007CAE4F /* Round.swift in Sources */ = {isa = PBXBuildFile; fileRef = 0519232E1DBFF0DC007CAE4F /* Round.swift */; };
		054A39661DBE747D000B382C /* AppDelegate.swift in Sources */ = {isa = PBXBuildFile; fileRef = 054A39651DBE747D000B382C /* AppDelegate.swift */; };
		054A39681DBE747D000B382C /* MainNavController.swift in Sources */ = {isa = PBXBuildFile; fileRef = 054A39671DBE747D000B382C /* MainNavController.swift */; };
		054A396B1DBE747D000B382C /* Main.storyboard in Resources */ = {isa = PBXBuildFile; fileRef = 054A39691DBE747D000B382C /* Main.storyboard */; };
		054A396D1DBE747D000B382C /* Assets.xcassets in Resources */ = {isa = PBXBuildFile; fileRef = 054A396C1DBE747D000B382C /* Assets.xcassets */; };
		054A39701DBE747D000B382C /* LaunchScreen.storyboard in Resources */ = {isa = PBXBuildFile; fileRef = 054A396E1DBE747D000B382C /* LaunchScreen.storyboard */; };
		054A39781DBE7607000B382C /* LoginScreen.swift in Sources */ = {isa = PBXBuildFile; fileRef = 054A39771DBE7607000B382C /* LoginScreen.swift */; };
		7B21011A36CB7CB0209E604F /* Pods_testui2.framework in Frameworks */ = {isa = PBXBuildFile; fileRef = 173CE4B606FC547EF6D2D326 /* Pods_testui2.framework */; };
/* End PBXBuildFile section */

/* Begin PBXFileReference section */
		0508D25C1DC764C1004CE68E /* KeychainWrapper.swift */ = {isa = PBXFileReference; fileEncoding = 4; lastKnownFileType = sourcecode.swift; path = KeychainWrapper.swift; sourceTree = "<group>"; };
		0508D25E1DC766A4004CE68E /* KeychainItemAccessibility.swift */ = {isa = PBXFileReference; fileEncoding = 4; lastKnownFileType = sourcecode.swift; path = KeychainItemAccessibility.swift; sourceTree = "<group>"; };
		051923281DBFEEB7007CAE4F /* HomeController.swift */ = {isa = PBXFileReference; fileEncoding = 4; lastKnownFileType = sourcecode.swift; path = HomeController.swift; sourceTree = "<group>"; };
		0519232A1DBFF06B007CAE4F /* RoundCell.swift */ = {isa = PBXFileReference; fileEncoding = 4; lastKnownFileType = sourcecode.swift; path = RoundCell.swift; sourceTree = "<group>"; };
		0519232E1DBFF0DC007CAE4F /* Round.swift */ = {isa = PBXFileReference; fileEncoding = 4; lastKnownFileType = sourcecode.swift; path = Round.swift; sourceTree = "<group>"; };
		054A39621DBE747D000B382C /* testui2.app */ = {isa = PBXFileReference; explicitFileType = wrapper.application; includeInIndex = 0; path = testui2.app; sourceTree = BUILT_PRODUCTS_DIR; };
		054A39651DBE747D000B382C /* AppDelegate.swift */ = {isa = PBXFileReference; lastKnownFileType = sourcecode.swift; path = AppDelegate.swift; sourceTree = "<group>"; };
		054A39671DBE747D000B382C /* MainNavController.swift */ = {isa = PBXFileReference; lastKnownFileType = sourcecode.swift; path = MainNavController.swift; sourceTree = "<group>"; };
		054A396A1DBE747D000B382C /* Base */ = {isa = PBXFileReference; lastKnownFileType = file.storyboard; name = Base; path = Base.lproj/Main.storyboard; sourceTree = "<group>"; };
		054A396C1DBE747D000B382C /* Assets.xcassets */ = {isa = PBXFileReference; lastKnownFileType = folder.assetcatalog; path = Assets.xcassets; sourceTree = "<group>"; };
		054A396F1DBE747D000B382C /* Base */ = {isa = PBXFileReference; lastKnownFileType = file.storyboard; name = Base; path = Base.lproj/LaunchScreen.storyboard; sourceTree = "<group>"; };
		054A39711DBE747D000B382C /* Info.plist */ = {isa = PBXFileReference; lastKnownFileType = text.plist.xml; path = Info.plist; sourceTree = "<group>"; };
		054A39771DBE7607000B382C /* LoginScreen.swift */ = {isa = PBXFileReference; fileEncoding = 4; lastKnownFileType = sourcecode.swift; path = LoginScreen.swift; sourceTree = "<group>"; };
		173CE4B606FC547EF6D2D326 /* Pods_testui2.framework */ = {isa = PBXFileReference; explicitFileType = wrapper.framework; includeInIndex = 0; path = Pods_testui2.framework; sourceTree = BUILT_PRODUCTS_DIR; };
		86C4C686EB028F2136D87978 /* Pods-testui2.debug.xcconfig */ = {isa = PBXFileReference; includeInIndex = 1; lastKnownFileType = text.xcconfig; name = "Pods-testui2.debug.xcconfig"; path = "Pods/Target Support Files/Pods-testui2/Pods-testui2.debug.xcconfig"; sourceTree = "<group>"; };
		E6020096D0757658C8FFF12C /* Pods-testui2.release.xcconfig */ = {isa = PBXFileReference; includeInIndex = 1; lastKnownFileType = text.xcconfig; name = "Pods-testui2.release.xcconfig"; path = "Pods/Target Support Files/Pods-testui2/Pods-testui2.release.xcconfig"; sourceTree = "<group>"; };
/* End PBXFileReference section */

/* Begin PBXFrameworksBuildPhase section */
		054A395F1DBE747D000B382C /* Frameworks */ = {
			isa = PBXFrameworksBuildPhase;
			buildActionMask = 2147483647;
			files = (
				7B21011A36CB7CB0209E604F /* Pods_testui2.framework in Frameworks */,
			);
			runOnlyForDeploymentPostprocessing = 0;
		};
/* End PBXFrameworksBuildPhase section */

/* Begin PBXGroup section */
		0519232C1DBFF09E007CAE4F /* View */ = {
			isa = PBXGroup;
			children = (
				0519232A1DBFF06B007CAE4F /* RoundCell.swift */,
			);
			name = View;
			sourceTree = "<group>";
		};
		0519232D1DBFF0AC007CAE4F /* Model */ = {
			isa = PBXGroup;
			children = (
				0519232E1DBFF0DC007CAE4F /* Round.swift */,
			);
			name = Model;
			sourceTree = "<group>";
		};
		054A39591DBE747D000B382C = {
			isa = PBXGroup;
			children = (
				054A39641DBE747D000B382C /* testui2 */,
				054A39631DBE747D000B382C /* Products */,
				BF06589DCE055C14E6ECC9FC /* Pods */,
				93E55862EB9A615BD6588059 /* Frameworks */,
			);
			sourceTree = "<group>";
		};
		054A39631DBE747D000B382C /* Products */ = {
			isa = PBXGroup;
			children = (
				054A39621DBE747D000B382C /* testui2.app */,
			);
			name = Products;
			sourceTree = "<group>";
		};
		054A39641DBE747D000B382C /* testui2 */ = {
			isa = PBXGroup;
			children = (
				0519232D1DBFF0AC007CAE4F /* Model */,
				051923281DBFEEB7007CAE4F /* HomeController.swift */,
				054A39651DBE747D000B382C /* AppDelegate.swift */,
				054A39671DBE747D000B382C /* MainNavController.swift */,
				054A39771DBE7607000B382C /* LoginScreen.swift */,
				054A39691DBE747D000B382C /* Main.storyboard */,
				054A396C1DBE747D000B382C /* Assets.xcassets */,
				054A396E1DBE747D000B382C /* LaunchScreen.storyboard */,
				054A39711DBE747D000B382C /* Info.plist */,
				0519232C1DBFF09E007CAE4F /* View */,
				0508D25C1DC764C1004CE68E /* KeychainWrapper.swift */,
				0508D25E1DC766A4004CE68E /* KeychainItemAccessibility.swift */,
			);
			path = testui2;
			sourceTree = "<group>";
		};
		93E55862EB9A615BD6588059 /* Frameworks */ = {
			isa = PBXGroup;
			children = (
				173CE4B606FC547EF6D2D326 /* Pods_testui2.framework */,
			);
			name = Frameworks;
			sourceTree = "<group>";
		};
		BF06589DCE055C14E6ECC9FC /* Pods */ = {
			isa = PBXGroup;
			children = (
				86C4C686EB028F2136D87978 /* Pods-testui2.debug.xcconfig */,
				E6020096D0757658C8FFF12C /* Pods-testui2.release.xcconfig */,
			);
			name = Pods;
			sourceTree = "<group>";
		};
/* End PBXGroup section */

/* Begin PBXNativeTarget section */
		054A39611DBE747D000B382C /* testui2 */ = {
			isa = PBXNativeTarget;
			buildConfigurationList = 054A39741DBE747D000B382C /* Build configuration list for PBXNativeTarget "testui2" */;
			buildPhases = (
				482EB6BD970CC7DBA1F0DB10 /* [CP] Check Pods Manifest.lock */,
				054A395E1DBE747D000B382C /* Sources */,
				054A395F1DBE747D000B382C /* Frameworks */,
				054A39601DBE747D000B382C /* Resources */,
				3BFF964A4D0F89A42A85A70B /* [CP] Embed Pods Frameworks */,
				01D6C29E2FA5AA9ACAAEB796 /* [CP] Copy Pods Resources */,
			);
			buildRules = (
			);
			dependencies = (
			);
			name = testui2;
			productName = testui2;
			productReference = 054A39621DBE747D000B382C /* testui2.app */;
			productType = "com.apple.product-type.application";
		};
/* End PBXNativeTarget section */

/* Begin PBXProject section */
		054A395A1DBE747D000B382C /* Project object */ = {
			isa = PBXProject;
			attributes = {
				LastSwiftUpdateCheck = 0800;
				LastUpgradeCheck = 0800;
				ORGANIZATIONNAME = "David Solano";
				TargetAttributes = {
					054A39611DBE747D000B382C = {
						CreatedOnToolsVersion = 8.0;
						ProvisioningStyle = Automatic;
					};
				};
			};
			buildConfigurationList = 054A395D1DBE747D000B382C /* Build configuration list for PBXProject "testui2" */;
			compatibilityVersion = "Xcode 3.2";
			developmentRegion = English;
			hasScannedForEncodings = 0;
			knownRegions = (
				en,
				Base,
			);
			mainGroup = 054A39591DBE747D000B382C;
			productRefGroup = 054A39631DBE747D000B382C /* Products */;
			projectDirPath = "";
			projectRoot = "";
			targets = (
				054A39611DBE747D000B382C /* testui2 */,
			);
		};
/* End PBXProject section */

/* Begin PBXResourcesBuildPhase section */
		054A39601DBE747D000B382C /* Resources */ = {
			isa = PBXResourcesBuildPhase;
			buildActionMask = 2147483647;
			files = (
				054A39701DBE747D000B382C /* LaunchScreen.storyboard in Resources */,
				054A396D1DBE747D000B382C /* Assets.xcassets in Resources */,
				054A396B1DBE747D000B382C /* Main.storyboard in Resources */,
			);
			runOnlyForDeploymentPostprocessing = 0;
		};
/* End PBXResourcesBuildPhase section */

/* Begin PBXShellScriptBuildPhase section */
		01D6C29E2FA5AA9ACAAEB796 /* [CP] Copy Pods Resources */ = {
			isa = PBXShellScriptBuildPhase;
			buildActionMask = 2147483647;
			files = (
			);
			inputPaths = (
			);
			name = "[CP] Copy Pods Resources";
			outputPaths = (
			);
			runOnlyForDeploymentPostprocessing = 0;
			shellPath = /bin/sh;
			shellScript = "\"${SRCROOT}/Pods/Target Support Files/Pods-testui2/Pods-testui2-resources.sh\"\n";
			showEnvVarsInLog = 0;
		};
		3BFF964A4D0F89A42A85A70B /* [CP] Embed Pods Frameworks */ = {
			isa = PBXShellScriptBuildPhase;
			buildActionMask = 2147483647;
			files = (
			);
			inputPaths = (
			);
			name = "[CP] Embed Pods Frameworks";
			outputPaths = (
			);
			runOnlyForDeploymentPostprocessing = 0;
			shellPath = /bin/sh;
			shellScript = "\"${SRCROOT}/Pods/Target Support Files/Pods-testui2/Pods-testui2-frameworks.sh\"\n";
			showEnvVarsInLog = 0;
		};
		482EB6BD970CC7DBA1F0DB10 /* [CP] Check Pods Manifest.lock */ = {
			isa = PBXShellScriptBuildPhase;
			buildActionMask = 2147483647;
			files = (
			);
			inputPaths = (
			);
			name = "[CP] Check Pods Manifest.lock";
			outputPaths = (
			);
			runOnlyForDeploymentPostprocessing = 0;
			shellPath = /bin/sh;
			shellScript = "diff \"${PODS_ROOT}/../Podfile.lock\" \"${PODS_ROOT}/Manifest.lock\" > /dev/null\nif [ $? != 0 ] ; then\n    # print error to STDERR\n    echo \"error: The sandbox is not in sync with the Podfile.lock. Run 'pod install' or update your CocoaPods installation.\" >&2\n    exit 1\nfi\n";
			showEnvVarsInLog = 0;
		};
/* End PBXShellScriptBuildPhase section */

/* Begin PBXSourcesBuildPhase section */
		054A395E1DBE747D000B382C /* Sources */ = {
			isa = PBXSourcesBuildPhase;
			buildActionMask = 2147483647;
			files = (
				051923291DBFEEB7007CAE4F /* HomeController.swift in Sources */,
				054A39681DBE747D000B382C /* MainNavController.swift in Sources */,
				054A39781DBE7607000B382C /* LoginScreen.swift in Sources */,
				0508D25D1DC764C1004CE68E /* KeychainWrapper.swift in Sources */,
				0519232B1DBFF06B007CAE4F /* RoundCell.swift in Sources */,
				0508D25F1DC766A4004CE68E /* KeychainItemAccessibility.swift in Sources */,
				0519232F1DBFF0DC007CAE4F /* Round.swift in Sources */,
				054A39661DBE747D000B382C /* AppDelegate.swift in Sources */,
			);
			runOnlyForDeploymentPostprocessing = 0;
		};
/* End PBXSourcesBuildPhase section */

/* Begin PBXVariantGroup section */
		054A39691DBE747D000B382C /* Main.storyboard */ = {
			isa = PBXVariantGroup;
			children = (
				054A396A1DBE747D000B382C /* Base */,
			);
			name = Main.storyboard;
			sourceTree = "<group>";
		};
		054A396E1DBE747D000B382C /* LaunchScreen.storyboard */ = {
			isa = PBXVariantGroup;
			children = (
				054A396F1DBE747D000B382C /* Base */,
			);
			name = LaunchScreen.storyboard;
			sourceTree = "<group>";
		};
/* End PBXVariantGroup section */

/* Begin XCBuildConfiguration section */
		054A39721DBE747D000B382C /* Debug */ = {
			isa = XCBuildConfiguration;
			buildSettings = {
				ALWAYS_SEARCH_USER_PATHS = NO;
				CLANG_ANALYZER_NONNULL = YES;
				CLANG_CXX_LANGUAGE_STANDARD = "gnu++0x";
				CLANG_CXX_LIBRARY = "libc++";
				CLANG_ENABLE_MODULES = YES;
				CLANG_ENABLE_OBJC_ARC = YES;
				CLANG_WARN_BOOL_CONVERSION = YES;
				CLANG_WARN_CONSTANT_CONVERSION = YES;
				CLANG_WARN_DIRECT_OBJC_ISA_USAGE = YES_ERROR;
				CLANG_WARN_DOCUMENTATION_COMMENTS = YES;
				CLANG_WARN_EMPTY_BODY = YES;
				CLANG_WARN_ENUM_CONVERSION = YES;
				CLANG_WARN_INFINITE_RECURSION = YES;
				CLANG_WARN_INT_CONVERSION = YES;
				CLANG_WARN_OBJC_ROOT_CLASS = YES_ERROR;
				CLANG_WARN_SUSPICIOUS_MOVES = YES;
				CLANG_WARN_UNREACHABLE_CODE = YES;
				CLANG_WARN__DUPLICATE_METHOD_MATCH = YES;
				"CODE_SIGN_IDENTITY[sdk=iphoneos*]" = "iPhone Developer";
				COPY_PHASE_STRIP = NO;
				DEBUG_INFORMATION_FORMAT = dwarf;
				ENABLE_STRICT_OBJC_MSGSEND = YES;
				ENABLE_TESTABILITY = YES;
				GCC_C_LANGUAGE_STANDARD = gnu99;
				GCC_DYNAMIC_NO_PIC = NO;
				GCC_NO_COMMON_BLOCKS = YES;
				GCC_OPTIMIZATION_LEVEL = 0;
				GCC_PREPROCESSOR_DEFINITIONS = (
					"DEBUG=1",
					"$(inherited)",
				);
				GCC_WARN_64_TO_32_BIT_CONVERSION = YES;
				GCC_WARN_ABOUT_RETURN_TYPE = YES_ERROR;
				GCC_WARN_UNDECLARED_SELECTOR = YES;
				GCC_WARN_UNINITIALIZED_AUTOS = YES_AGGRESSIVE;
				GCC_WARN_UNUSED_FUNCTION = YES;
				GCC_WARN_UNUSED_VARIABLE = YES;
				IPHONEOS_DEPLOYMENT_TARGET = 10.0;
				MTL_ENABLE_DEBUG_INFO = YES;
				ONLY_ACTIVE_ARCH = YES;
				SDKROOT = iphoneos;
				SWIFT_ACTIVE_COMPILATION_CONDITIONS = DEBUG;
				SWIFT_OPTIMIZATION_LEVEL = "-Onone";
			};
			name = Debug;
		};
		054A39731DBE747D000B382C /* Release */ = {
			isa = XCBuildConfiguration;
			buildSettings = {
				ALWAYS_SEARCH_USER_PATHS = NO;
				CLANG_ANALYZER_NONNULL = YES;
				CLANG_CXX_LANGUAGE_STANDARD = "gnu++0x";
				CLANG_CXX_LIBRARY = "libc++";
				CLANG_ENABLE_MODULES = YES;
				CLANG_ENABLE_OBJC_ARC = YES;
				CLANG_WARN_BOOL_CONVERSION = YES;
				CLANG_WARN_CONSTANT_CONVERSION = YES;
				CLANG_WARN_DIRECT_OBJC_ISA_USAGE = YES_ERROR;
				CLANG_WARN_DOCUMENTATION_COMMENTS = YES;
				CLANG_WARN_EMPTY_BODY = YES;
				CLANG_WARN_ENUM_CONVERSION = YES;
				CLANG_WARN_INFINITE_RECURSION = YES;
				CLANG_WARN_INT_CONVERSION = YES;
				CLANG_WARN_OBJC_ROOT_CLASS = YES_ERROR;
				CLANG_WARN_SUSPICIOUS_MOVES = YES;
				CLANG_WARN_UNREACHABLE_CODE = YES;
				CLANG_WARN__DUPLICATE_METHOD_MATCH = YES;
				"CODE_SIGN_IDENTITY[sdk=iphoneos*]" = "iPhone Developer";
				COPY_PHASE_STRIP = NO;
				DEBUG_INFORMATION_FORMAT = "dwarf-with-dsym";
				ENABLE_NS_ASSERTIONS = NO;
				ENABLE_STRICT_OBJC_MSGSEND = YES;
				GCC_C_LANGUAGE_STANDARD = gnu99;
				GCC_NO_COMMON_BLOCKS = YES;
				GCC_WARN_64_TO_32_BIT_CONVERSION = YES;
				GCC_WARN_ABOUT_RETURN_TYPE = YES_ERROR;
				GCC_WARN_UNDECLARED_SELECTOR = YES;
				GCC_WARN_UNINITIALIZED_AUTOS = YES_AGGRESSIVE;
				GCC_WARN_UNUSED_FUNCTION = YES;
				GCC_WARN_UNUSED_VARIABLE = YES;
				IPHONEOS_DEPLOYMENT_TARGET = 10.0;
				MTL_ENABLE_DEBUG_INFO = NO;
				SDKROOT = iphoneos;
				SWIFT_OPTIMIZATION_LEVEL = "-Owholemodule";
				VALIDATE_PRODUCT = YES;
			};
			name = Release;
		};
		054A39751DBE747D000B382C /* Debug */ = {
			isa = XCBuildConfiguration;
			baseConfigurationReference = 86C4C686EB028F2136D87978 /* Pods-testui2.debug.xcconfig */;
			buildSettings = {
				ASSETCATALOG_COMPILER_APPICON_NAME = AppIcon;
				INFOPLIST_FILE = testui2/Info.plist;
				LD_RUNPATH_SEARCH_PATHS = "$(inherited) @executable_path/Frameworks";
				PRODUCT_BUNDLE_IDENTIFIER = com.davidsolano.testui2;
				PRODUCT_NAME = "$(TARGET_NAME)";
				SWIFT_VERSION = 3.0;
			};
			name = Debug;
		};
		054A39761DBE747D000B382C /* Release */ = {
			isa = XCBuildConfiguration;
			baseConfigurationReference = E6020096D0757658C8FFF12C /* Pods-testui2.release.xcconfig */;
			buildSettings = {
				ASSETCATALOG_COMPILER_APPICON_NAME = AppIcon;
				INFOPLIST_FILE = testui2/Info.plist;
				LD_RUNPATH_SEARCH_PATHS = "$(inherited) @executable_path/Frameworks";
				PRODUCT_BUNDLE_IDENTIFIER = com.davidsolano.testui2;
				PRODUCT_NAME = "$(TARGET_NAME)";
				SWIFT_VERSION = 3.0;
			};
			name = Release;
		};
/* End XCBuildConfiguration section */

/* Begin XCConfigurationList section */
		054A395D1DBE747D000B382C /* Build configuration list for PBXProject "testui2" */ = {
			isa = XCConfigurationList;
			buildConfigurations = (
				054A39721DBE747D000B382C /* Debug */,
				054A39731DBE747D000B382C /* Release */,
			);
			defaultConfigurationIsVisible = 0;
			defaultConfigurationName = Release;
		};
		054A39741DBE747D000B382C /* Build configuration list for PBXNativeTarget "testui2" */ = {
			isa = XCConfigurationList;
			buildConfigurations = (
				054A39751DBE747D000B382C /* Debug */,
				054A39761DBE747D000B382C /* Release */,
			);
			defaultConfigurationIsVisible = 0;
			defaultConfigurationName = Release;
		};
/* End XCConfigurationList section */
	};
	rootObject = 054A395A1DBE747D000B382C /* Project object */;
}
